
Microsoft Visual Studio Solution File, Format Version 12.00
# Visual Studio Version 17
VisualStudioVersion = 17.12.35527.113 d17.12
MinimumVisualStudioVersion = 10.0.40219.1
Project("{FAE04EC0-301F-11D3-BF4B-00C04F79EFBC}") = "Assignment04C#ADV", "Assignment04C#ADV\Assignment04C#ADV.csproj", "{32383D12-67CD-4633-BE4B-32AA0543DB98}"
EndProject
Global
	GlobalSection(SolutionConfigurationPlatforms) = preSolution
		Debug|Any CPU = Debug|Any CPU
		Release|Any CPU = Release|Any CPU
	EndGlobalSection
	GlobalSection(ProjectConfigurationPlatforms) = postSolution
		{32383D12-67CD-4633-BE4B-32AA0543DB98}.Debug|Any CPU.ActiveCfg = Debug|Any CPU
		{32383D12-67CD-4633-BE4B-32AA0543DB98}.Debug|Any CPU.Build.0 = Debug|Any CPU
		{32383D12-67CD-4633-BE4B-32AA0543DB98}.Release|Any CPU.ActiveCfg = Release|Any CPU
		{32383D12-67CD-4633-BE4B-32AA0543DB98}.Release|Any CPU.Build.0 = Release|Any CPU
	EndGlobalSection
	GlobalSection(SolutionProperties) = preSolution
		HideSolutionNode = FALSE
	EndGlobalSection
EndGlobal
